
Microsoft Visual Studio Solution File, Format Version 12.00
# Visual Studio 15
VisualStudioVersion = 15.0.26430.12
MinimumVisualStudioVersion = 10.0.40219.1
Project("{FAE04EC0-301F-11D3-BF4B-00C04F79EFBC}") = "ElasticSharp.Core", "ElasticSharp.Core\ElasticSharp.Core.csproj", "{6021356F-3280-409E-B9C6-CB349C43C654}"
EndProject
Project("{FAE04EC0-301F-11D3-BF4B-00C04F79EFBC}") = "ElasticSharp.ConsoleTests", "ElasticSharp.ConsoleTests\ElasticSharp.ConsoleTests.csproj", "{9B2502E5-BC70-47AF-B4EF-F9ACC8596A40}"
EndProject
Global
	GlobalSection(SolutionConfigurationPlatforms) = preSolution
		Debug|Any CPU = Debug|Any CPU
		Release|Any CPU = Release|Any CPU
	EndGlobalSection
	GlobalSection(ProjectConfigurationPlatforms) = postSolution
		{6021356F-3280-409E-B9C6-CB349C43C654}.Debug|Any CPU.ActiveCfg = Debug|Any CPU
		{6021356F-3280-409E-B9C6-CB349C43C654}.Debug|Any CPU.Build.0 = Debug|Any CPU
		{6021356F-3280-409E-B9C6-CB349C43C654}.Release|Any CPU.ActiveCfg = Release|Any CPU
		{6021356F-3280-409E-B9C6-CB349C43C654}.Release|Any CPU.Build.0 = Release|Any CPU
		{9B2502E5-BC70-47AF-B4EF-F9ACC8596A40}.Debug|Any CPU.ActiveCfg = Debug|Any CPU
		{9B2502E5-BC70-47AF-B4EF-F9ACC8596A40}.Debug|Any CPU.Build.0 = Debug|Any CPU
		{9B2502E5-BC70-47AF-B4EF-F9ACC8596A40}.Release|Any CPU.ActiveCfg = Release|Any CPU
		{9B2502E5-BC70-47AF-B4EF-F9ACC8596A40}.Release|Any CPU.Build.0 = Release|Any CPU
	EndGlobalSection
	GlobalSection(SolutionProperties) = preSolution
		HideSolutionNode = FALSE
	EndGlobalSection
EndGlobal
