
Microsoft Visual Studio Solution File, Format Version 12.00
# Visual Studio 15
VisualStudioVersion = 15.0.27004.2002
MinimumVisualStudioVersion = 10.0.40219.1
Project("{9A19103F-16F7-4668-BE54-9A1E7A4F7556}") = "ElasticSharp.Core", "ElasticSharp.Core\ElasticSharp.Core.csproj", "{6021356F-3280-409E-B9C6-CB349C43C654}"
EndProject
Project("{9A19103F-16F7-4668-BE54-9A1E7A4F7556}") = "ElasticSharp.ConsoleTests", "ElasticSharp.ConsoleTests\ElasticSharp.ConsoleTests.csproj", "{9B2502E5-BC70-47AF-B4EF-F9ACC8596A40}"
EndProject
Project("{9A19103F-16F7-4668-BE54-9A1E7A4F7556}") = "ElasticSharp.Core.Tests", "ElasticSharp.Core.Tests\ElasticSharp.Core.Tests.csproj", "{81B7D8CF-F3F0-4894-A1A7-F417ACCC5EA0}"
EndProject
Project("{FAE04EC0-301F-11D3-BF4B-00C04F79EFBC}") = "ElasticSharp.Mobile.Android", "ElasticSharp.Mobile\ElasticSharp.Mobile.Android\ElasticSharp.Mobile.Android.csproj", "{59C75263-A8C1-4E09-BCFC-039EAC29D654}"
EndProject
Project("{FAE04EC0-301F-11D3-BF4B-00C04F79EFBC}") = "ElasticSharp.Mobile.iOS", "ElasticSharp.Mobile\ElasticSharp.Mobile.iOS\ElasticSharp.Mobile.iOS.csproj", "{CDDD9B65-F343-4119-8A98-41D3A0835CE6}"
EndProject
Project("{FAE04EC0-301F-11D3-BF4B-00C04F79EFBC}") = "ElasticSharp.Mobile.UWP", "ElasticSharp.Mobile\ElasticSharp.Mobile.UWP\ElasticSharp.Mobile.UWP.csproj", "{F72C436D-5D33-4DE2-852F-46E09F6AE81C}"
EndProject
Project("{9A19103F-16F7-4668-BE54-9A1E7A4F7556}") = "ElasticSharp.Mobile", "ElasticSharp.Mobile\ElasticSharp.Mobile\ElasticSharp.Mobile.csproj", "{BEF1D9D9-234F-41A7-90B8-6953C007B575}"
EndProject
Global
	GlobalSection(SolutionConfigurationPlatforms) = preSolution
		Debug|Any CPU = Debug|Any CPU
		Debug|ARM = Debug|ARM
		Debug|iPhone = Debug|iPhone
		Debug|iPhoneSimulator = Debug|iPhoneSimulator
		Debug|x64 = Debug|x64
		Debug|x86 = Debug|x86
		Release|Any CPU = Release|Any CPU
		Release|ARM = Release|ARM
		Release|iPhone = Release|iPhone
		Release|iPhoneSimulator = Release|iPhoneSimulator
		Release|x64 = Release|x64
		Release|x86 = Release|x86
	EndGlobalSection
	GlobalSection(ProjectConfigurationPlatforms) = postSolution
		{6021356F-3280-409E-B9C6-CB349C43C654}.Debug|Any CPU.ActiveCfg = Debug|Any CPU
		{6021356F-3280-409E-B9C6-CB349C43C654}.Debug|Any CPU.Build.0 = Debug|Any CPU
		{6021356F-3280-409E-B9C6-CB349C43C654}.Debug|ARM.ActiveCfg = Debug|Any CPU
		{6021356F-3280-409E-B9C6-CB349C43C654}.Debug|ARM.Build.0 = Debug|Any CPU
		{6021356F-3280-409E-B9C6-CB349C43C654}.Debug|iPhone.ActiveCfg = Debug|Any CPU
		{6021356F-3280-409E-B9C6-CB349C43C654}.Debug|iPhone.Build.0 = Debug|Any CPU
		{6021356F-3280-409E-B9C6-CB349C43C654}.Debug|iPhoneSimulator.ActiveCfg = Debug|Any CPU
		{6021356F-3280-409E-B9C6-CB349C43C654}.Debug|iPhoneSimulator.Build.0 = Debug|Any CPU
		{6021356F-3280-409E-B9C6-CB349C43C654}.Debug|x64.ActiveCfg = Debug|Any CPU
		{6021356F-3280-409E-B9C6-CB349C43C654}.Debug|x64.Build.0 = Debug|Any CPU
		{6021356F-3280-409E-B9C6-CB349C43C654}.Debug|x86.ActiveCfg = Debug|Any CPU
		{6021356F-3280-409E-B9C6-CB349C43C654}.Debug|x86.Build.0 = Debug|Any CPU
		{6021356F-3280-409E-B9C6-CB349C43C654}.Release|Any CPU.ActiveCfg = Release|Any CPU
		{6021356F-3280-409E-B9C6-CB349C43C654}.Release|Any CPU.Build.0 = Release|Any CPU
		{6021356F-3280-409E-B9C6-CB349C43C654}.Release|ARM.ActiveCfg = Release|Any CPU
		{6021356F-3280-409E-B9C6-CB349C43C654}.Release|ARM.Build.0 = Release|Any CPU
		{6021356F-3280-409E-B9C6-CB349C43C654}.Release|iPhone.ActiveCfg = Release|Any CPU
		{6021356F-3280-409E-B9C6-CB349C43C654}.Release|iPhone.Build.0 = Release|Any CPU
		{6021356F-3280-409E-B9C6-CB349C43C654}.Release|iPhoneSimulator.ActiveCfg = Release|Any CPU
		{6021356F-3280-409E-B9C6-CB349C43C654}.Release|iPhoneSimulator.Build.0 = Release|Any CPU
		{6021356F-3280-409E-B9C6-CB349C43C654}.Release|x64.ActiveCfg = Release|Any CPU
		{6021356F-3280-409E-B9C6-CB349C43C654}.Release|x64.Build.0 = Release|Any CPU
		{6021356F-3280-409E-B9C6-CB349C43C654}.Release|x86.ActiveCfg = Release|Any CPU
		{6021356F-3280-409E-B9C6-CB349C43C654}.Release|x86.Build.0 = Release|Any CPU
		{9B2502E5-BC70-47AF-B4EF-F9ACC8596A40}.Debug|Any CPU.ActiveCfg = Debug|Any CPU
		{9B2502E5-BC70-47AF-B4EF-F9ACC8596A40}.Debug|Any CPU.Build.0 = Debug|Any CPU
		{9B2502E5-BC70-47AF-B4EF-F9ACC8596A40}.Debug|ARM.ActiveCfg = Debug|Any CPU
		{9B2502E5-BC70-47AF-B4EF-F9ACC8596A40}.Debug|ARM.Build.0 = Debug|Any CPU
		{9B2502E5-BC70-47AF-B4EF-F9ACC8596A40}.Debug|iPhone.ActiveCfg = Debug|Any CPU
		{9B2502E5-BC70-47AF-B4EF-F9ACC8596A40}.Debug|iPhone.Build.0 = Debug|Any CPU
		{9B2502E5-BC70-47AF-B4EF-F9ACC8596A40}.Debug|iPhoneSimulator.ActiveCfg = Debug|Any CPU
		{9B2502E5-BC70-47AF-B4EF-F9ACC8596A40}.Debug|iPhoneSimulator.Build.0 = Debug|Any CPU
		{9B2502E5-BC70-47AF-B4EF-F9ACC8596A40}.Debug|x64.ActiveCfg = Debug|Any CPU
		{9B2502E5-BC70-47AF-B4EF-F9ACC8596A40}.Debug|x64.Build.0 = Debug|Any CPU
		{9B2502E5-BC70-47AF-B4EF-F9ACC8596A40}.Debug|x86.ActiveCfg = Debug|Any CPU
		{9B2502E5-BC70-47AF-B4EF-F9ACC8596A40}.Debug|x86.Build.0 = Debug|Any CPU
		{9B2502E5-BC70-47AF-B4EF-F9ACC8596A40}.Release|Any CPU.ActiveCfg = Release|Any CPU
		{9B2502E5-BC70-47AF-B4EF-F9ACC8596A40}.Release|Any CPU.Build.0 = Release|Any CPU
		{9B2502E5-BC70-47AF-B4EF-F9ACC8596A40}.Release|ARM.ActiveCfg = Release|Any CPU
		{9B2502E5-BC70-47AF-B4EF-F9ACC8596A40}.Release|ARM.Build.0 = Release|Any CPU
		{9B2502E5-BC70-47AF-B4EF-F9ACC8596A40}.Release|iPhone.ActiveCfg = Release|Any CPU
		{9B2502E5-BC70-47AF-B4EF-F9ACC8596A40}.Release|iPhone.Build.0 = Release|Any CPU
		{9B2502E5-BC70-47AF-B4EF-F9ACC8596A40}.Release|iPhoneSimulator.ActiveCfg = Release|Any CPU
		{9B2502E5-BC70-47AF-B4EF-F9ACC8596A40}.Release|iPhoneSimulator.Build.0 = Release|Any CPU
		{9B2502E5-BC70-47AF-B4EF-F9ACC8596A40}.Release|x64.ActiveCfg = Release|Any CPU
		{9B2502E5-BC70-47AF-B4EF-F9ACC8596A40}.Release|x64.Build.0 = Release|Any CPU
		{9B2502E5-BC70-47AF-B4EF-F9ACC8596A40}.Release|x86.ActiveCfg = Release|Any CPU
		{9B2502E5-BC70-47AF-B4EF-F9ACC8596A40}.Release|x86.Build.0 = Release|Any CPU
		{81B7D8CF-F3F0-4894-A1A7-F417ACCC5EA0}.Debug|Any CPU.ActiveCfg = Debug|Any CPU
		{81B7D8CF-F3F0-4894-A1A7-F417ACCC5EA0}.Debug|Any CPU.Build.0 = Debug|Any CPU
		{81B7D8CF-F3F0-4894-A1A7-F417ACCC5EA0}.Debug|ARM.ActiveCfg = Debug|Any CPU
		{81B7D8CF-F3F0-4894-A1A7-F417ACCC5EA0}.Debug|ARM.Build.0 = Debug|Any CPU
		{81B7D8CF-F3F0-4894-A1A7-F417ACCC5EA0}.Debug|iPhone.ActiveCfg = Debug|Any CPU
		{81B7D8CF-F3F0-4894-A1A7-F417ACCC5EA0}.Debug|iPhone.Build.0 = Debug|Any CPU
		{81B7D8CF-F3F0-4894-A1A7-F417ACCC5EA0}.Debug|iPhoneSimulator.ActiveCfg = Debug|Any CPU
		{81B7D8CF-F3F0-4894-A1A7-F417ACCC5EA0}.Debug|iPhoneSimulator.Build.0 = Debug|Any CPU
		{81B7D8CF-F3F0-4894-A1A7-F417ACCC5EA0}.Debug|x64.ActiveCfg = Debug|Any CPU
		{81B7D8CF-F3F0-4894-A1A7-F417ACCC5EA0}.Debug|x64.Build.0 = Debug|Any CPU
		{81B7D8CF-F3F0-4894-A1A7-F417ACCC5EA0}.Debug|x86.ActiveCfg = Debug|Any CPU
		{81B7D8CF-F3F0-4894-A1A7-F417ACCC5EA0}.Debug|x86.Build.0 = Debug|Any CPU
		{81B7D8CF-F3F0-4894-A1A7-F417ACCC5EA0}.Release|Any CPU.ActiveCfg = Release|Any CPU
		{81B7D8CF-F3F0-4894-A1A7-F417ACCC5EA0}.Release|Any CPU.Build.0 = Release|Any CPU
		{81B7D8CF-F3F0-4894-A1A7-F417ACCC5EA0}.Release|ARM.ActiveCfg = Release|Any CPU
		{81B7D8CF-F3F0-4894-A1A7-F417ACCC5EA0}.Release|ARM.Build.0 = Release|Any CPU
		{81B7D8CF-F3F0-4894-A1A7-F417ACCC5EA0}.Release|iPhone.ActiveCfg = Release|Any CPU
		{81B7D8CF-F3F0-4894-A1A7-F417ACCC5EA0}.Release|iPhone.Build.0 = Release|Any CPU
		{81B7D8CF-F3F0-4894-A1A7-F417ACCC5EA0}.Release|iPhoneSimulator.ActiveCfg = Release|Any CPU
		{81B7D8CF-F3F0-4894-A1A7-F417ACCC5EA0}.Release|iPhoneSimulator.Build.0 = Release|Any CPU
		{81B7D8CF-F3F0-4894-A1A7-F417ACCC5EA0}.Release|x64.ActiveCfg = Release|Any CPU
		{81B7D8CF-F3F0-4894-A1A7-F417ACCC5EA0}.Release|x64.Build.0 = Release|Any CPU
		{81B7D8CF-F3F0-4894-A1A7-F417ACCC5EA0}.Release|x86.ActiveCfg = Release|Any CPU
		{81B7D8CF-F3F0-4894-A1A7-F417ACCC5EA0}.Release|x86.Build.0 = Release|Any CPU
		{59C75263-A8C1-4E09-BCFC-039EAC29D654}.Debug|Any CPU.ActiveCfg = Debug|Any CPU
		{59C75263-A8C1-4E09-BCFC-039EAC29D654}.Debug|Any CPU.Build.0 = Debug|Any CPU
		{59C75263-A8C1-4E09-BCFC-039EAC29D654}.Debug|Any CPU.Deploy.0 = Debug|Any CPU
		{59C75263-A8C1-4E09-BCFC-039EAC29D654}.Debug|ARM.ActiveCfg = Debug|Any CPU
		{59C75263-A8C1-4E09-BCFC-039EAC29D654}.Debug|ARM.Build.0 = Debug|Any CPU
		{59C75263-A8C1-4E09-BCFC-039EAC29D654}.Debug|ARM.Deploy.0 = Debug|Any CPU
		{59C75263-A8C1-4E09-BCFC-039EAC29D654}.Debug|iPhone.ActiveCfg = Debug|Any CPU
		{59C75263-A8C1-4E09-BCFC-039EAC29D654}.Debug|iPhone.Build.0 = Debug|Any CPU
		{59C75263-A8C1-4E09-BCFC-039EAC29D654}.Debug|iPhone.Deploy.0 = Debug|Any CPU
		{59C75263-A8C1-4E09-BCFC-039EAC29D654}.Debug|iPhoneSimulator.ActiveCfg = Debug|Any CPU
		{59C75263-A8C1-4E09-BCFC-039EAC29D654}.Debug|iPhoneSimulator.Build.0 = Debug|Any CPU
		{59C75263-A8C1-4E09-BCFC-039EAC29D654}.Debug|iPhoneSimulator.Deploy.0 = Debug|Any CPU
		{59C75263-A8C1-4E09-BCFC-039EAC29D654}.Debug|x64.ActiveCfg = Debug|Any CPU
		{59C75263-A8C1-4E09-BCFC-039EAC29D654}.Debug|x64.Build.0 = Debug|Any CPU
		{59C75263-A8C1-4E09-BCFC-039EAC29D654}.Debug|x64.Deploy.0 = Debug|Any CPU
		{59C75263-A8C1-4E09-BCFC-039EAC29D654}.Debug|x86.ActiveCfg = Debug|Any CPU
		{59C75263-A8C1-4E09-BCFC-039EAC29D654}.Debug|x86.Build.0 = Debug|Any CPU
		{59C75263-A8C1-4E09-BCFC-039EAC29D654}.Debug|x86.Deploy.0 = Debug|Any CPU
		{59C75263-A8C1-4E09-BCFC-039EAC29D654}.Release|Any CPU.ActiveCfg = Release|Any CPU
		{59C75263-A8C1-4E09-BCFC-039EAC29D654}.Release|Any CPU.Build.0 = Release|Any CPU
		{59C75263-A8C1-4E09-BCFC-039EAC29D654}.Release|Any CPU.Deploy.0 = Release|Any CPU
		{59C75263-A8C1-4E09-BCFC-039EAC29D654}.Release|ARM.ActiveCfg = Release|Any CPU
		{59C75263-A8C1-4E09-BCFC-039EAC29D654}.Release|ARM.Build.0 = Release|Any CPU
		{59C75263-A8C1-4E09-BCFC-039EAC29D654}.Release|ARM.Deploy.0 = Release|Any CPU
		{59C75263-A8C1-4E09-BCFC-039EAC29D654}.Release|iPhone.ActiveCfg = Release|Any CPU
		{59C75263-A8C1-4E09-BCFC-039EAC29D654}.Release|iPhone.Build.0 = Release|Any CPU
		{59C75263-A8C1-4E09-BCFC-039EAC29D654}.Release|iPhone.Deploy.0 = Release|Any CPU
		{59C75263-A8C1-4E09-BCFC-039EAC29D654}.Release|iPhoneSimulator.ActiveCfg = Release|Any CPU
		{59C75263-A8C1-4E09-BCFC-039EAC29D654}.Release|iPhoneSimulator.Build.0 = Release|Any CPU
		{59C75263-A8C1-4E09-BCFC-039EAC29D654}.Release|iPhoneSimulator.Deploy.0 = Release|Any CPU
		{59C75263-A8C1-4E09-BCFC-039EAC29D654}.Release|x64.ActiveCfg = Release|Any CPU
		{59C75263-A8C1-4E09-BCFC-039EAC29D654}.Release|x64.Build.0 = Release|Any CPU
		{59C75263-A8C1-4E09-BCFC-039EAC29D654}.Release|x64.Deploy.0 = Release|Any CPU
		{59C75263-A8C1-4E09-BCFC-039EAC29D654}.Release|x86.ActiveCfg = Release|Any CPU
		{59C75263-A8C1-4E09-BCFC-039EAC29D654}.Release|x86.Build.0 = Release|Any CPU
		{59C75263-A8C1-4E09-BCFC-039EAC29D654}.Release|x86.Deploy.0 = Release|Any CPU
		{CDDD9B65-F343-4119-8A98-41D3A0835CE6}.Debug|Any CPU.ActiveCfg = Debug|iPhoneSimulator
		{CDDD9B65-F343-4119-8A98-41D3A0835CE6}.Debug|ARM.ActiveCfg = Debug|iPhone
		{CDDD9B65-F343-4119-8A98-41D3A0835CE6}.Debug|iPhone.ActiveCfg = Debug|iPhone
		{CDDD9B65-F343-4119-8A98-41D3A0835CE6}.Debug|iPhone.Build.0 = Debug|iPhone
		{CDDD9B65-F343-4119-8A98-41D3A0835CE6}.Debug|iPhoneSimulator.ActiveCfg = Debug|iPhoneSimulator
		{CDDD9B65-F343-4119-8A98-41D3A0835CE6}.Debug|iPhoneSimulator.Build.0 = Debug|iPhoneSimulator
		{CDDD9B65-F343-4119-8A98-41D3A0835CE6}.Debug|x64.ActiveCfg = Debug|iPhone
		{CDDD9B65-F343-4119-8A98-41D3A0835CE6}.Debug|x86.ActiveCfg = Debug|iPhone
		{CDDD9B65-F343-4119-8A98-41D3A0835CE6}.Release|Any CPU.ActiveCfg = Release|iPhoneSimulator
		{CDDD9B65-F343-4119-8A98-41D3A0835CE6}.Release|ARM.ActiveCfg = Release|iPhone
		{CDDD9B65-F343-4119-8A98-41D3A0835CE6}.Release|iPhone.ActiveCfg = Release|iPhone
		{CDDD9B65-F343-4119-8A98-41D3A0835CE6}.Release|iPhone.Build.0 = Release|iPhone
		{CDDD9B65-F343-4119-8A98-41D3A0835CE6}.Release|iPhoneSimulator.ActiveCfg = Release|iPhoneSimulator
		{CDDD9B65-F343-4119-8A98-41D3A0835CE6}.Release|iPhoneSimulator.Build.0 = Release|iPhoneSimulator
		{CDDD9B65-F343-4119-8A98-41D3A0835CE6}.Release|x64.ActiveCfg = Release|iPhone
		{CDDD9B65-F343-4119-8A98-41D3A0835CE6}.Release|x86.ActiveCfg = Release|iPhone
		{F72C436D-5D33-4DE2-852F-46E09F6AE81C}.Debug|Any CPU.ActiveCfg = Debug|x86
		{F72C436D-5D33-4DE2-852F-46E09F6AE81C}.Debug|ARM.ActiveCfg = Debug|ARM
		{F72C436D-5D33-4DE2-852F-46E09F6AE81C}.Debug|ARM.Build.0 = Debug|ARM
		{F72C436D-5D33-4DE2-852F-46E09F6AE81C}.Debug|ARM.Deploy.0 = Debug|ARM
		{F72C436D-5D33-4DE2-852F-46E09F6AE81C}.Debug|iPhone.ActiveCfg = Debug|x86
		{F72C436D-5D33-4DE2-852F-46E09F6AE81C}.Debug|iPhoneSimulator.ActiveCfg = Debug|x86
		{F72C436D-5D33-4DE2-852F-46E09F6AE81C}.Debug|x64.ActiveCfg = Debug|x64
		{F72C436D-5D33-4DE2-852F-46E09F6AE81C}.Debug|x64.Build.0 = Debug|x64
		{F72C436D-5D33-4DE2-852F-46E09F6AE81C}.Debug|x64.Deploy.0 = Debug|x64
		{F72C436D-5D33-4DE2-852F-46E09F6AE81C}.Debug|x86.ActiveCfg = Debug|x86
		{F72C436D-5D33-4DE2-852F-46E09F6AE81C}.Debug|x86.Build.0 = Debug|x86
		{F72C436D-5D33-4DE2-852F-46E09F6AE81C}.Debug|x86.Deploy.0 = Debug|x86
		{F72C436D-5D33-4DE2-852F-46E09F6AE81C}.Release|Any CPU.ActiveCfg = Release|x86
		{F72C436D-5D33-4DE2-852F-46E09F6AE81C}.Release|ARM.ActiveCfg = Release|ARM
		{F72C436D-5D33-4DE2-852F-46E09F6AE81C}.Release|ARM.Build.0 = Release|ARM
		{F72C436D-5D33-4DE2-852F-46E09F6AE81C}.Release|ARM.Deploy.0 = Release|ARM
		{F72C436D-5D33-4DE2-852F-46E09F6AE81C}.Release|iPhone.ActiveCfg = Release|x86
		{F72C436D-5D33-4DE2-852F-46E09F6AE81C}.Release|iPhoneSimulator.ActiveCfg = Release|x86
		{F72C436D-5D33-4DE2-852F-46E09F6AE81C}.Release|x64.ActiveCfg = Release|x64
		{F72C436D-5D33-4DE2-852F-46E09F6AE81C}.Release|x64.Build.0 = Release|x64
		{F72C436D-5D33-4DE2-852F-46E09F6AE81C}.Release|x64.Deploy.0 = Release|x64
		{F72C436D-5D33-4DE2-852F-46E09F6AE81C}.Release|x86.ActiveCfg = Release|x86
		{F72C436D-5D33-4DE2-852F-46E09F6AE81C}.Release|x86.Build.0 = Release|x86
		{F72C436D-5D33-4DE2-852F-46E09F6AE81C}.Release|x86.Deploy.0 = Release|x86
		{BEF1D9D9-234F-41A7-90B8-6953C007B575}.Debug|Any CPU.ActiveCfg = Debug|Any CPU
		{BEF1D9D9-234F-41A7-90B8-6953C007B575}.Debug|Any CPU.Build.0 = Debug|Any CPU
		{BEF1D9D9-234F-41A7-90B8-6953C007B575}.Debug|ARM.ActiveCfg = Debug|Any CPU
		{BEF1D9D9-234F-41A7-90B8-6953C007B575}.Debug|ARM.Build.0 = Debug|Any CPU
		{BEF1D9D9-234F-41A7-90B8-6953C007B575}.Debug|iPhone.ActiveCfg = Debug|Any CPU
		{BEF1D9D9-234F-41A7-90B8-6953C007B575}.Debug|iPhone.Build.0 = Debug|Any CPU
		{BEF1D9D9-234F-41A7-90B8-6953C007B575}.Debug|iPhoneSimulator.ActiveCfg = Debug|Any CPU
		{BEF1D9D9-234F-41A7-90B8-6953C007B575}.Debug|iPhoneSimulator.Build.0 = Debug|Any CPU
		{BEF1D9D9-234F-41A7-90B8-6953C007B575}.Debug|x64.ActiveCfg = Debug|Any CPU
		{BEF1D9D9-234F-41A7-90B8-6953C007B575}.Debug|x64.Build.0 = Debug|Any CPU
		{BEF1D9D9-234F-41A7-90B8-6953C007B575}.Debug|x86.ActiveCfg = Debug|Any CPU
		{BEF1D9D9-234F-41A7-90B8-6953C007B575}.Debug|x86.Build.0 = Debug|Any CPU
		{BEF1D9D9-234F-41A7-90B8-6953C007B575}.Release|Any CPU.ActiveCfg = Release|Any CPU
		{BEF1D9D9-234F-41A7-90B8-6953C007B575}.Release|Any CPU.Build.0 = Release|Any CPU
		{BEF1D9D9-234F-41A7-90B8-6953C007B575}.Release|ARM.ActiveCfg = Release|Any CPU
		{BEF1D9D9-234F-41A7-90B8-6953C007B575}.Release|ARM.Build.0 = Release|Any CPU
		{BEF1D9D9-234F-41A7-90B8-6953C007B575}.Release|iPhone.ActiveCfg = Release|Any CPU
		{BEF1D9D9-234F-41A7-90B8-6953C007B575}.Release|iPhone.Build.0 = Release|Any CPU
		{BEF1D9D9-234F-41A7-90B8-6953C007B575}.Release|iPhoneSimulator.ActiveCfg = Release|Any CPU
		{BEF1D9D9-234F-41A7-90B8-6953C007B575}.Release|iPhoneSimulator.Build.0 = Release|Any CPU
		{BEF1D9D9-234F-41A7-90B8-6953C007B575}.Release|x64.ActiveCfg = Release|Any CPU
		{BEF1D9D9-234F-41A7-90B8-6953C007B575}.Release|x64.Build.0 = Release|Any CPU
		{BEF1D9D9-234F-41A7-90B8-6953C007B575}.Release|x86.ActiveCfg = Release|Any CPU
		{BEF1D9D9-234F-41A7-90B8-6953C007B575}.Release|x86.Build.0 = Release|Any CPU
	EndGlobalSection
	GlobalSection(SolutionProperties) = preSolution
		HideSolutionNode = FALSE
	EndGlobalSection
	GlobalSection(ExtensibilityGlobals) = postSolution
		SolutionGuid = {8DE04C98-6E9E-4F67-A4D3-14FCA919B149}
	EndGlobalSection
EndGlobal
